// !$*UTF8*$!
{
	archiveVersion = 1;
	classes = {
	};
	objectVersion = 56;
	objects = {

/* Begin PBXBuildFile section */
		C03FF35B2B53DF40009F3DC2 /* CountryInformationCell.swift in Sources */ = {isa = PBXBuildFile; fileRef = C03FF35A2B53DF40009F3DC2 /* CountryInformationCell.swift */; };
		C066DDA02B82467A00C47F4F /* DetailInformationCells.swift in Sources */ = {isa = PBXBuildFile; fileRef = C066DD9F2B82467A00C47F4F /* DetailInformationCells.swift */; };
		C075CF702B6EA5A50064C4C4 /* ImagesCollectionViewCell.swift in Sources */ = {isa = PBXBuildFile; fileRef = C075CF6F2B6EA5A50064C4C4 /* ImagesCollectionViewCell.swift */; };
		C08DF96F2B3D4B2000832586 /* AppDelegate.swift in Sources */ = {isa = PBXBuildFile; fileRef = C08DF96E2B3D4B2000832586 /* AppDelegate.swift */; };
		C08DF9712B3D4B2000832586 /* SceneDelegate.swift in Sources */ = {isa = PBXBuildFile; fileRef = C08DF9702B3D4B2000832586 /* SceneDelegate.swift */; };
		C08DF9732B3D4B2000832586 /* CountriesListVC.swift in Sources */ = {isa = PBXBuildFile; fileRef = C08DF9722B3D4B2000832586 /* CountriesListVC.swift */; };
		C08DF9782B3D4B2100832586 /* Assets.xcassets in Resources */ = {isa = PBXBuildFile; fileRef = C08DF9772B3D4B2100832586 /* Assets.xcassets */; };
		C08DF97B2B3D4B2100832586 /* LaunchScreen.storyboard in Resources */ = {isa = PBXBuildFile; fileRef = C08DF9792B3D4B2100832586 /* LaunchScreen.storyboard */; };
		C0A8F0B42B6DA4050090F58B /* CountryPageVC.swift in Sources */ = {isa = PBXBuildFile; fileRef = C0A8F0B32B6DA4050090F58B /* CountryPageVC.swift */; };
		C0D4FDC72B5728AC00C86FCE /* APIManager.swift in Sources */ = {isa = PBXBuildFile; fileRef = C0D4FDC62B5728AC00C86FCE /* APIManager.swift */; };
		C0D4FDC92B572D6C00C86FCE /* CountriesData.swift in Sources */ = {isa = PBXBuildFile; fileRef = C0D4FDC82B572D6C00C86FCE /* CountriesData.swift */; };
		C0F0D23A2B7599FB0094D88E /* FetchImage.swift in Sources */ = {isa = PBXBuildFile; fileRef = C0F0D2392B7599FB0094D88E /* FetchImage.swift */; };
/* End PBXBuildFile section */

/* Begin PBXFileReference section */
		C03FF35A2B53DF40009F3DC2 /* CountryInformationCell.swift */ = {isa = PBXFileReference; lastKnownFileType = sourcecode.swift; path = CountryInformationCell.swift; sourceTree = "<group>"; };
		C066DD9F2B82467A00C47F4F /* DetailInformationCells.swift */ = {isa = PBXFileReference; lastKnownFileType = sourcecode.swift; path = DetailInformationCells.swift; sourceTree = "<group>"; };
		C075CF6F2B6EA5A50064C4C4 /* ImagesCollectionViewCell.swift */ = {isa = PBXFileReference; lastKnownFileType = sourcecode.swift; path = ImagesCollectionViewCell.swift; sourceTree = "<group>"; };
		C08DF96B2B3D4B2000832586 /* Countries List Information.app */ = {isa = PBXFileReference; explicitFileType = wrapper.application; includeInIndex = 0; path = "Countries List Information.app"; sourceTree = BUILT_PRODUCTS_DIR; };
		C08DF96E2B3D4B2000832586 /* AppDelegate.swift */ = {isa = PBXFileReference; lastKnownFileType = sourcecode.swift; path = AppDelegate.swift; sourceTree = "<group>"; };
		C08DF9702B3D4B2000832586 /* SceneDelegate.swift */ = {isa = PBXFileReference; lastKnownFileType = sourcecode.swift; path = SceneDelegate.swift; sourceTree = "<group>"; };
		C08DF9722B3D4B2000832586 /* CountriesListVC.swift */ = {isa = PBXFileReference; lastKnownFileType = sourcecode.swift; path = CountriesListVC.swift; sourceTree = "<group>"; };
		C08DF9772B3D4B2100832586 /* Assets.xcassets */ = {isa = PBXFileReference; lastKnownFileType = folder.assetcatalog; path = Assets.xcassets; sourceTree = "<group>"; };
		C08DF97A2B3D4B2100832586 /* Base */ = {isa = PBXFileReference; lastKnownFileType = file.storyboard; name = Base; path = Base.lproj/LaunchScreen.storyboard; sourceTree = "<group>"; };
		C08DF97C2B3D4B2100832586 /* Info.plist */ = {isa = PBXFileReference; lastKnownFileType = text.plist.xml; path = Info.plist; sourceTree = "<group>"; };
		C0A8F0B32B6DA4050090F58B /* CountryPageVC.swift */ = {isa = PBXFileReference; lastKnownFileType = sourcecode.swift; path = CountryPageVC.swift; sourceTree = "<group>"; };
		C0D4FDC62B5728AC00C86FCE /* APIManager.swift */ = {isa = PBXFileReference; lastKnownFileType = sourcecode.swift; path = APIManager.swift; sourceTree = "<group>"; };
		C0D4FDC82B572D6C00C86FCE /* CountriesData.swift */ = {isa = PBXFileReference; lastKnownFileType = sourcecode.swift; path = CountriesData.swift; sourceTree = "<group>"; };
		C0F0D2392B7599FB0094D88E /* FetchImage.swift */ = {isa = PBXFileReference; lastKnownFileType = sourcecode.swift; path = FetchImage.swift; sourceTree = "<group>"; };
/* End PBXFileReference section */

/* Begin PBXFrameworksBuildPhase section */
		C08DF9682B3D4B2000832586 /* Frameworks */ = {
			isa = PBXFrameworksBuildPhase;
			buildActionMask = 2147483647;
			files = (
			);
			runOnlyForDeploymentPostprocessing = 0;
		};
/* End PBXFrameworksBuildPhase section */

/* Begin PBXGroup section */
		C03FF35C2B53E1FF009F3DC2 /* ViewControllers */ = {
			isa = PBXGroup;
			children = (
				C08DF9722B3D4B2000832586 /* CountriesListVC.swift */,
				C03FF35A2B53DF40009F3DC2 /* CountryInformationCell.swift */,
			);
			path = ViewControllers;
			sourceTree = "<group>";
		};
		C03FF35D2B53E257009F3DC2 /* Application */ = {
			isa = PBXGroup;
			children = (
				C08DF9702B3D4B2000832586 /* SceneDelegate.swift */,
				C08DF96E2B3D4B2000832586 /* AppDelegate.swift */,
				C0D4FDC62B5728AC00C86FCE /* APIManager.swift */,
				C0D4FDC82B572D6C00C86FCE /* CountriesData.swift */,
				C0F0D2392B7599FB0094D88E /* FetchImage.swift */,
			);
			path = Application;
			sourceTree = "<group>";
		};
		C08DF9622B3D4B2000832586 = {
			isa = PBXGroup;
			children = (
				C08DF96D2B3D4B2000832586 /* Countries List Information */,
				C08DF96C2B3D4B2000832586 /* Products */,
			);
			sourceTree = "<group>";
		};
		C08DF96C2B3D4B2000832586 /* Products */ = {
			isa = PBXGroup;
			children = (
				C08DF96B2B3D4B2000832586 /* Countries List Information.app */,
			);
			name = Products;
			sourceTree = "<group>";
		};
		C08DF96D2B3D4B2000832586 /* Countries List Information */ = {
			isa = PBXGroup;
			children = (
				C03FF35D2B53E257009F3DC2 /* Application */,
				C095E7A62B4AA9BF00D77D79 /* Resources */,
				C03FF35C2B53E1FF009F3DC2 /* ViewControllers */,
				C0A8F0B32B6DA4050090F58B /* CountryPageVC.swift */,
				C075CF6F2B6EA5A50064C4C4 /* ImagesCollectionViewCell.swift */,
				C066DD9F2B82467A00C47F4F /* DetailInformationCells.swift */,
			);
			path = "Countries List Information";
			sourceTree = "<group>";
		};
		C095E7A62B4AA9BF00D77D79 /* Resources */ = {
			isa = PBXGroup;
			children = (
				C08DF97C2B3D4B2100832586 /* Info.plist */,
				C08DF9772B3D4B2100832586 /* Assets.xcassets */,
				C08DF9792B3D4B2100832586 /* LaunchScreen.storyboard */,
			);
			path = Resources;
			sourceTree = "<group>";
		};
/* End PBXGroup section */

/* Begin PBXNativeTarget section */
		C08DF96A2B3D4B2000832586 /* Countries List Information */ = {
			isa = PBXNativeTarget;
			buildConfigurationList = C08DF97F2B3D4B2100832586 /* Build configuration list for PBXNativeTarget "Countries List Information" */;
			buildPhases = (
				C074DC302B4EC6F90077E929 /* ShellScript */,
				C08DF9672B3D4B2000832586 /* Sources */,
				C08DF9682B3D4B2000832586 /* Frameworks */,
				C08DF9692B3D4B2000832586 /* Resources */,
			);
			buildRules = (
			);
			dependencies = (
			);
			name = "Countries List Information";
			productName = "iOS Test Task";
			productReference = C08DF96B2B3D4B2000832586 /* Countries List Information.app */;
			productType = "com.apple.product-type.application";
		};
/* End PBXNativeTarget section */

/* Begin PBXProject section */
		C08DF9632B3D4B2000832586 /* Project object */ = {
			isa = PBXProject;
			attributes = {
				BuildIndependentTargetsInParallel = 1;
				LastSwiftUpdateCheck = 1510;
				LastUpgradeCheck = 1510;
				TargetAttributes = {
					C08DF96A2B3D4B2000832586 = {
						CreatedOnToolsVersion = 15.1;
					};
				};
			};
			buildConfigurationList = C08DF9662B3D4B2000832586 /* Build configuration list for PBXProject "Countries List Information" */;
			compatibilityVersion = "Xcode 14.0";
			developmentRegion = en;
			hasScannedForEncodings = 0;
			knownRegions = (
				en,
				Base,
			);
			mainGroup = C08DF9622B3D4B2000832586;
			productRefGroup = C08DF96C2B3D4B2000832586 /* Products */;
			projectDirPath = "";
			projectRoot = "";
			targets = (
				C08DF96A2B3D4B2000832586 /* Countries List Information */,
			);
		};
/* End PBXProject section */

/* Begin PBXResourcesBuildPhase section */
		C08DF9692B3D4B2000832586 /* Resources */ = {
			isa = PBXResourcesBuildPhase;
			buildActionMask = 2147483647;
			files = (
				C08DF97B2B3D4B2100832586 /* LaunchScreen.storyboard in Resources */,
				C08DF9782B3D4B2100832586 /* Assets.xcassets in Resources */,
			);
			runOnlyForDeploymentPostprocessing = 0;
		};
/* End PBXResourcesBuildPhase section */

/* Begin PBXShellScriptBuildPhase section */
		C074DC302B4EC6F90077E929 /* ShellScript */ = {
			isa = PBXShellScriptBuildPhase;
			buildActionMask = 2147483647;
			files = (
			);
			inputFileListPaths = (
			);
			inputPaths = (
			);
			outputFileListPaths = (
			);
			outputPaths = (
			);
			runOnlyForDeploymentPostprocessing = 0;
			shellPath = /bin/sh;
			shellScript = "if [[ \"$(uname -m)\" == arm64 ]]; then\n    export PATH=\"/opt/homebrew/bin:$PATH\"\nfi\n\nif which swiftlint > /dev/null; then\n  swiftlint\nelse\n  echo \"warning: SwiftLint not installed, download from https://github.com/realm/SwiftLint\"\nfi\n";
		};
/* End PBXShellScriptBuildPhase section */

/* Begin PBXSourcesBuildPhase section */
		C08DF9672B3D4B2000832586 /* Sources */ = {
			isa = PBXSourcesBuildPhase;
			buildActionMask = 2147483647;
			files = (
				C0D4FDC72B5728AC00C86FCE /* APIManager.swift in Sources */,
				C08DF9732B3D4B2000832586 /* CountriesListVC.swift in Sources */,
				C08DF96F2B3D4B2000832586 /* AppDelegate.swift in Sources */,
				C03FF35B2B53DF40009F3DC2 /* CountryInformationCell.swift in Sources */,
				C0A8F0B42B6DA4050090F58B /* CountryPageVC.swift in Sources */,
				C0D4FDC92B572D6C00C86FCE /* CountriesData.swift in Sources */,
				C075CF702B6EA5A50064C4C4 /* ImagesCollectionViewCell.swift in Sources */,
				C08DF9712B3D4B2000832586 /* SceneDelegate.swift in Sources */,
				C0F0D23A2B7599FB0094D88E /* FetchImage.swift in Sources */,
				C066DDA02B82467A00C47F4F /* DetailInformationCells.swift in Sources */,
			);
			runOnlyForDeploymentPostprocessing = 0;
		};
/* End PBXSourcesBuildPhase section */

/* Begin PBXVariantGroup section */
		C08DF9792B3D4B2100832586 /* LaunchScreen.storyboard */ = {
			isa = PBXVariantGroup;
			children = (
				C08DF97A2B3D4B2100832586 /* Base */,
			);
			name = LaunchScreen.storyboard;
			sourceTree = "<group>";
		};
/* End PBXVariantGroup section */

/* Begin XCBuildConfiguration section */
		C08DF97D2B3D4B2100832586 /* Debug */ = {
			isa = XCBuildConfiguration;
			buildSettings = {
				ALWAYS_SEARCH_USER_PATHS = NO;
				ASSETCATALOG_COMPILER_GENERATE_SWIFT_ASSET_SYMBOL_EXTENSIONS = YES;
				CLANG_ANALYZER_NONNULL = YES;
				CLANG_ANALYZER_NUMBER_OBJECT_CONVERSION = YES_AGGRESSIVE;
				CLANG_CXX_LANGUAGE_STANDARD = "gnu++20";
				CLANG_ENABLE_MODULES = YES;
				CLANG_ENABLE_OBJC_ARC = YES;
				CLANG_ENABLE_OBJC_WEAK = YES;
				CLANG_WARN_BLOCK_CAPTURE_AUTORELEASING = YES;
				CLANG_WARN_BOOL_CONVERSION = YES;
				CLANG_WARN_COMMA = YES;
				CLANG_WARN_CONSTANT_CONVERSION = YES;
				CLANG_WARN_DEPRECATED_OBJC_IMPLEMENTATIONS = YES;
				CLANG_WARN_DIRECT_OBJC_ISA_USAGE = YES_ERROR;
				CLANG_WARN_DOCUMENTATION_COMMENTS = YES;
				CLANG_WARN_EMPTY_BODY = YES;
				CLANG_WARN_ENUM_CONVERSION = YES;
				CLANG_WARN_INFINITE_RECURSION = YES;
				CLANG_WARN_INT_CONVERSION = YES;
				CLANG_WARN_NON_LITERAL_NULL_CONVERSION = YES;
				CLANG_WARN_OBJC_IMPLICIT_RETAIN_SELF = YES;
				CLANG_WARN_OBJC_LITERAL_CONVERSION = YES;
				CLANG_WARN_OBJC_ROOT_CLASS = YES_ERROR;
				CLANG_WARN_QUOTED_INCLUDE_IN_FRAMEWORK_HEADER = YES;
				CLANG_WARN_RANGE_LOOP_ANALYSIS = YES;
				CLANG_WARN_STRICT_PROTOTYPES = YES;
				CLANG_WARN_SUSPICIOUS_MOVE = YES;
				CLANG_WARN_UNGUARDED_AVAILABILITY = YES_AGGRESSIVE;
				CLANG_WARN_UNREACHABLE_CODE = YES;
				CLANG_WARN__DUPLICATE_METHOD_MATCH = YES;
				COPY_PHASE_STRIP = NO;
				DEBUG_INFORMATION_FORMAT = dwarf;
				ENABLE_STRICT_OBJC_MSGSEND = YES;
				ENABLE_TESTABILITY = YES;
				ENABLE_USER_SCRIPT_SANDBOXING = YES;
				GCC_C_LANGUAGE_STANDARD = gnu17;
				GCC_DYNAMIC_NO_PIC = NO;
				GCC_NO_COMMON_BLOCKS = YES;
				GCC_OPTIMIZATION_LEVEL = 0;
				GCC_PREPROCESSOR_DEFINITIONS = (
					"DEBUG=1",
					"$(inherited)",
				);
				GCC_WARN_64_TO_32_BIT_CONVERSION = YES;
				GCC_WARN_ABOUT_RETURN_TYPE = YES_ERROR;
				GCC_WARN_UNDECLARED_SELECTOR = YES;
				GCC_WARN_UNINITIALIZED_AUTOS = YES_AGGRESSIVE;
				GCC_WARN_UNUSED_FUNCTION = YES;
				GCC_WARN_UNUSED_VARIABLE = YES;
				IPHONEOS_DEPLOYMENT_TARGET = 17.2;
				LOCALIZATION_PREFERS_STRING_CATALOGS = YES;
				MTL_ENABLE_DEBUG_INFO = INCLUDE_SOURCE;
				MTL_FAST_MATH = YES;
				ONLY_ACTIVE_ARCH = YES;
				SDKROOT = iphoneos;
				SWIFT_ACTIVE_COMPILATION_CONDITIONS = "DEBUG $(inherited)";
				SWIFT_OPTIMIZATION_LEVEL = "-Onone";
			};
			name = Debug;
		};
		C08DF97E2B3D4B2100832586 /* Release */ = {
			isa = XCBuildConfiguration;
			buildSettings = {
				ALWAYS_SEARCH_USER_PATHS = NO;
				ASSETCATALOG_COMPILER_GENERATE_SWIFT_ASSET_SYMBOL_EXTENSIONS = YES;
				CLANG_ANALYZER_NONNULL = YES;
				CLANG_ANALYZER_NUMBER_OBJECT_CONVERSION = YES_AGGRESSIVE;
				CLANG_CXX_LANGUAGE_STANDARD = "gnu++20";
				CLANG_ENABLE_MODULES = YES;
				CLANG_ENABLE_OBJC_ARC = YES;
				CLANG_ENABLE_OBJC_WEAK = YES;
				CLANG_WARN_BLOCK_CAPTURE_AUTORELEASING = YES;
				CLANG_WARN_BOOL_CONVERSION = YES;
				CLANG_WARN_COMMA = YES;
				CLANG_WARN_CONSTANT_CONVERSION = YES;
				CLANG_WARN_DEPRECATED_OBJC_IMPLEMENTATIONS = YES;
				CLANG_WARN_DIRECT_OBJC_ISA_USAGE = YES_ERROR;
				CLANG_WARN_DOCUMENTATION_COMMENTS = YES;
				CLANG_WARN_EMPTY_BODY = YES;
				CLANG_WARN_ENUM_CONVERSION = YES;
				CLANG_WARN_INFINITE_RECURSION = YES;
				CLANG_WARN_INT_CONVERSION = YES;
				CLANG_WARN_NON_LITERAL_NULL_CONVERSION = YES;
				CLANG_WARN_OBJC_IMPLICIT_RETAIN_SELF = YES;
				CLANG_WARN_OBJC_LITERAL_CONVERSION = YES;
				CLANG_WARN_OBJC_ROOT_CLASS = YES_ERROR;
				CLANG_WARN_QUOTED_INCLUDE_IN_FRAMEWORK_HEADER = YES;
				CLANG_WARN_RANGE_LOOP_ANALYSIS = YES;
				CLANG_WARN_STRICT_PROTOTYPES = YES;
				CLANG_WARN_SUSPICIOUS_MOVE = YES;
				CLANG_WARN_UNGUARDED_AVAILABILITY = YES_AGGRESSIVE;
				CLANG_WARN_UNREACHABLE_CODE = YES;
				CLANG_WARN__DUPLICATE_METHOD_MATCH = YES;
				COPY_PHASE_STRIP = NO;
				DEBUG_INFORMATION_FORMAT = "dwarf-with-dsym";
				ENABLE_NS_ASSERTIONS = NO;
				ENABLE_STRICT_OBJC_MSGSEND = YES;
				ENABLE_USER_SCRIPT_SANDBOXING = YES;
				GCC_C_LANGUAGE_STANDARD = gnu17;
				GCC_NO_COMMON_BLOCKS = YES;
				GCC_WARN_64_TO_32_BIT_CONVERSION = YES;
				GCC_WARN_ABOUT_RETURN_TYPE = YES_ERROR;
				GCC_WARN_UNDECLARED_SELECTOR = YES;
				GCC_WARN_UNINITIALIZED_AUTOS = YES_AGGRESSIVE;
				GCC_WARN_UNUSED_FUNCTION = YES;
				GCC_WARN_UNUSED_VARIABLE = YES;
				IPHONEOS_DEPLOYMENT_TARGET = 17.2;
				LOCALIZATION_PREFERS_STRING_CATALOGS = YES;
				MTL_ENABLE_DEBUG_INFO = NO;
				MTL_FAST_MATH = YES;
				SDKROOT = iphoneos;
				SWIFT_COMPILATION_MODE = wholemodule;
				VALIDATE_PRODUCT = YES;
			};
			name = Release;
		};
		C08DF9802B3D4B2100832586 /* Debug */ = {
			isa = XCBuildConfiguration;
			buildSettings = {
				ASSETCATALOG_COMPILER_APPICON_NAME = AppIcon;
				ASSETCATALOG_COMPILER_GLOBAL_ACCENT_COLOR_NAME = AccentColor;
				CODE_SIGN_STYLE = Automatic;
				CURRENT_PROJECT_VERSION = 1;
				DEVELOPMENT_TEAM = B97S35AF9X;
				ENABLE_USER_SCRIPT_SANDBOXING = NO;
				GENERATE_INFOPLIST_FILE = YES;
				INFOPLIST_FILE = "Countries List Information/Resources/Info.plist";
				INFOPLIST_KEY_UIApplicationSupportsIndirectInputEvents = YES;
				INFOPLIST_KEY_UILaunchStoryboardName = LaunchScreen;
				INFOPLIST_KEY_UISupportedInterfaceOrientations = UIInterfaceOrientationPortrait;
				INFOPLIST_KEY_UISupportedInterfaceOrientations_iPad = "UIInterfaceOrientationLandscapeLeft UIInterfaceOrientationLandscapeRight UIInterfaceOrientationPortrait UIInterfaceOrientationPortraitUpsideDown";
				IPHONEOS_DEPLOYMENT_TARGET = 15.0;
				LD_RUNPATH_SEARCH_PATHS = (
					"$(inherited)",
					"@executable_path/Frameworks",
				);
				MARKETING_VERSION = 1.0;
				PRODUCT_BUNDLE_IDENTIFIER = "babayanarmen.Countries-List-Information";
				PRODUCT_NAME = "$(TARGET_NAME)";
				SUPPORTED_PLATFORMS = "iphoneos iphonesimulator";
				SUPPORTS_MACCATALYST = NO;
				SUPPORTS_MAC_DESIGNED_FOR_IPHONE_IPAD = NO;
				SWIFT_EMIT_LOC_STRINGS = YES;
				SWIFT_VERSION = 5.0;
				TARGETED_DEVICE_FAMILY = 1;
			};
			name = Debug;
		};
		C08DF9812B3D4B2100832586 /* Release */ = {
			isa = XCBuildConfiguration;
			buildSettings = {
				ASSETCATALOG_COMPILER_APPICON_NAME = AppIcon;
				ASSETCATALOG_COMPILER_GLOBAL_ACCENT_COLOR_NAME = AccentColor;
				CODE_SIGN_STYLE = Automatic;
				CURRENT_PROJECT_VERSION = 1;
				DEVELOPMENT_TEAM = B97S35AF9X;
				ENABLE_USER_SCRIPT_SANDBOXING = NO;
				GENERATE_INFOPLIST_FILE = YES;
				INFOPLIST_FILE = "Countries List Information/Resources/Info.plist";
				INFOPLIST_KEY_UIApplicationSupportsIndirectInputEvents = YES;
				INFOPLIST_KEY_UILaunchStoryboardName = LaunchScreen;
				INFOPLIST_KEY_UISupportedInterfaceOrientations = UIInterfaceOrientationPortrait;
				INFOPLIST_KEY_UISupportedInterfaceOrientations_iPad = "UIInterfaceOrientationLandscapeLeft UIInterfaceOrientationLandscapeRight UIInterfaceOrientationPortrait UIInterfaceOrientationPortraitUpsideDown";
				IPHONEOS_DEPLOYMENT_TARGET = 15.0;
				LD_RUNPATH_SEARCH_PATHS = (
					"$(inherited)",
					"@executable_path/Frameworks",
				);
				MARKETING_VERSION = 1.0;
				PRODUCT_BUNDLE_IDENTIFIER = "babayanarmen.Countries-List-Information";
				PRODUCT_NAME = "$(TARGET_NAME)";
				SUPPORTED_PLATFORMS = "iphoneos iphonesimulator";
				SUPPORTS_MACCATALYST = NO;
				SUPPORTS_MAC_DESIGNED_FOR_IPHONE_IPAD = NO;
				SWIFT_EMIT_LOC_STRINGS = YES;
				SWIFT_VERSION = 5.0;
				TARGETED_DEVICE_FAMILY = 1;
			};
			name = Release;
		};
/* End XCBuildConfiguration section */

/* Begin XCConfigurationList section */
		C08DF9662B3D4B2000832586 /* Build configuration list for PBXProject "Countries List Information" */ = {
			isa = XCConfigurationList;
			buildConfigurations = (
				C08DF97D2B3D4B2100832586 /* Debug */,
				C08DF97E2B3D4B2100832586 /* Release */,
			);
			defaultConfigurationIsVisible = 0;
			defaultConfigurationName = Release;
		};
		C08DF97F2B3D4B2100832586 /* Build configuration list for PBXNativeTarget "Countries List Information" */ = {
			isa = XCConfigurationList;
			buildConfigurations = (
				C08DF9802B3D4B2100832586 /* Debug */,
				C08DF9812B3D4B2100832586 /* Release */,
			);
			defaultConfigurationIsVisible = 0;
			defaultConfigurationName = Release;
		};
/* End XCConfigurationList section */
	};
	rootObject = C08DF9632B3D4B2000832586 /* Project object */;
}
